// !$*UTF8*$!
{
	archiveVersion = 1;
	classes = {
	};
	objectVersion = 50;
	objects = {

/* Begin PBXBuildFile section */
		865BE1872407E32D003B9CE9 /* DetailsNavigationController.swift in Sources */ = {isa = PBXBuildFile; fileRef = 865BE1862407E32D003B9CE9 /* DetailsNavigationController.swift */; };
		865BE189240816F5003B9CE9 /* Utils.swift in Sources */ = {isa = PBXBuildFile; fileRef = 865BE188240816F5003B9CE9 /* Utils.swift */; };
		86E218C423F6FCBD00325A03 /* AppDelegate.swift in Sources */ = {isa = PBXBuildFile; fileRef = 86E218C323F6FCBD00325A03 /* AppDelegate.swift */; };
		86E218C623F6FCBD00325A03 /* ViewController.swift in Sources */ = {isa = PBXBuildFile; fileRef = 86E218C523F6FCBD00325A03 /* ViewController.swift */; };
		86E218C923F6FCBD00325A03 /* Main.storyboard in Resources */ = {isa = PBXBuildFile; fileRef = 86E218C723F6FCBD00325A03 /* Main.storyboard */; };
		86E218CC23F6FCBD00325A03 /* NewsReader.xcdatamodeld in Sources */ = {isa = PBXBuildFile; fileRef = 86E218CA23F6FCBD00325A03 /* NewsReader.xcdatamodeld */; };
		86E218CE23F6FCBE00325A03 /* Assets.xcassets in Resources */ = {isa = PBXBuildFile; fileRef = 86E218CD23F6FCBE00325A03 /* Assets.xcassets */; };
		86E218D123F6FCBE00325A03 /* LaunchScreen.storyboard in Resources */ = {isa = PBXBuildFile; fileRef = 86E218CF23F6FCBE00325A03 /* LaunchScreen.storyboard */; };
		86E218DC23F6FCBE00325A03 /* NewsReaderTests.swift in Sources */ = {isa = PBXBuildFile; fileRef = 86E218DB23F6FCBE00325A03 /* NewsReaderTests.swift */; };
		86E218E723F6FCBE00325A03 /* NewsReaderUITests.swift in Sources */ = {isa = PBXBuildFile; fileRef = 86E218E623F6FCBE00325A03 /* NewsReaderUITests.swift */; };
		86E218F523F83CF700325A03 /* Model.swift in Sources */ = {isa = PBXBuildFile; fileRef = 86E218F423F83CF700325A03 /* Model.swift */; };
		86E218F723F83EA900325A03 /* NetworkRequests.swift in Sources */ = {isa = PBXBuildFile; fileRef = 86E218F623F83EA900325A03 /* NetworkRequests.swift */; };
		86ECF75623FAF95E00044046 /* TopHeadlinesViewController.swift in Sources */ = {isa = PBXBuildFile; fileRef = 86ECF75523FAF95E00044046 /* TopHeadlinesViewController.swift */; };
		86ECF75823FAFF8C00044046 /* NewsItemViewCell.swift in Sources */ = {isa = PBXBuildFile; fileRef = 86ECF75723FAFF8C00044046 /* NewsItemViewCell.swift */; };
/* End PBXBuildFile section */

/* Begin PBXContainerItemProxy section */
		86E218D823F6FCBE00325A03 /* PBXContainerItemProxy */ = {
			isa = PBXContainerItemProxy;
			containerPortal = 86E218B823F6FCBD00325A03 /* Project object */;
			proxyType = 1;
			remoteGlobalIDString = 86E218BF23F6FCBD00325A03;
			remoteInfo = NewsReader;
		};
		86E218E323F6FCBE00325A03 /* PBXContainerItemProxy */ = {
			isa = PBXContainerItemProxy;
			containerPortal = 86E218B823F6FCBD00325A03 /* Project object */;
			proxyType = 1;
			remoteGlobalIDString = 86E218BF23F6FCBD00325A03;
			remoteInfo = NewsReader;
		};
/* End PBXContainerItemProxy section */

/* Begin PBXFileReference section */
		865BE1862407E32D003B9CE9 /* DetailsNavigationController.swift */ = {isa = PBXFileReference; lastKnownFileType = sourcecode.swift; path = DetailsNavigationController.swift; sourceTree = "<group>"; };
		865BE188240816F5003B9CE9 /* Utils.swift */ = {isa = PBXFileReference; lastKnownFileType = sourcecode.swift; path = Utils.swift; sourceTree = "<group>"; };
		86E218C023F6FCBD00325A03 /* NewsReader.app */ = {isa = PBXFileReference; explicitFileType = wrapper.application; includeInIndex = 0; path = NewsReader.app; sourceTree = BUILT_PRODUCTS_DIR; };
		86E218C323F6FCBD00325A03 /* AppDelegate.swift */ = {isa = PBXFileReference; lastKnownFileType = sourcecode.swift; path = AppDelegate.swift; sourceTree = "<group>"; };
		86E218C523F6FCBD00325A03 /* ViewController.swift */ = {isa = PBXFileReference; lastKnownFileType = sourcecode.swift; path = ViewController.swift; sourceTree = "<group>"; };
		86E218C823F6FCBD00325A03 /* Base */ = {isa = PBXFileReference; lastKnownFileType = file.storyboard; name = Base; path = Base.lproj/Main.storyboard; sourceTree = "<group>"; };
		86E218CB23F6FCBD00325A03 /* NewsReader.xcdatamodel */ = {isa = PBXFileReference; lastKnownFileType = wrapper.xcdatamodel; path = NewsReader.xcdatamodel; sourceTree = "<group>"; };
		86E218CD23F6FCBE00325A03 /* Assets.xcassets */ = {isa = PBXFileReference; lastKnownFileType = folder.assetcatalog; path = Assets.xcassets; sourceTree = "<group>"; };
		86E218D023F6FCBE00325A03 /* Base */ = {isa = PBXFileReference; lastKnownFileType = file.storyboard; name = Base; path = Base.lproj/LaunchScreen.storyboard; sourceTree = "<group>"; };
		86E218D223F6FCBE00325A03 /* Info.plist */ = {isa = PBXFileReference; lastKnownFileType = text.plist.xml; path = Info.plist; sourceTree = "<group>"; };
		86E218D723F6FCBE00325A03 /* NewsReaderTests.xctest */ = {isa = PBXFileReference; explicitFileType = wrapper.cfbundle; includeInIndex = 0; path = NewsReaderTests.xctest; sourceTree = BUILT_PRODUCTS_DIR; };
		86E218DB23F6FCBE00325A03 /* NewsReaderTests.swift */ = {isa = PBXFileReference; lastKnownFileType = sourcecode.swift; path = NewsReaderTests.swift; sourceTree = "<group>"; };
		86E218DD23F6FCBE00325A03 /* Info.plist */ = {isa = PBXFileReference; lastKnownFileType = text.plist.xml; path = Info.plist; sourceTree = "<group>"; };
		86E218E223F6FCBE00325A03 /* NewsReaderUITests.xctest */ = {isa = PBXFileReference; explicitFileType = wrapper.cfbundle; includeInIndex = 0; path = NewsReaderUITests.xctest; sourceTree = BUILT_PRODUCTS_DIR; };
		86E218E623F6FCBE00325A03 /* NewsReaderUITests.swift */ = {isa = PBXFileReference; lastKnownFileType = sourcecode.swift; path = NewsReaderUITests.swift; sourceTree = "<group>"; };
		86E218E823F6FCBE00325A03 /* Info.plist */ = {isa = PBXFileReference; lastKnownFileType = text.plist.xml; path = Info.plist; sourceTree = "<group>"; };
		86E218F423F83CF700325A03 /* Model.swift */ = {isa = PBXFileReference; lastKnownFileType = sourcecode.swift; path = Model.swift; sourceTree = "<group>"; };
		86E218F623F83EA900325A03 /* NetworkRequests.swift */ = {isa = PBXFileReference; lastKnownFileType = sourcecode.swift; path = NetworkRequests.swift; sourceTree = "<group>"; };
		86ECF75523FAF95E00044046 /* TopHeadlinesViewController.swift */ = {isa = PBXFileReference; lastKnownFileType = sourcecode.swift; path = TopHeadlinesViewController.swift; sourceTree = "<group>"; };
		86ECF75723FAFF8C00044046 /* NewsItemViewCell.swift */ = {isa = PBXFileReference; lastKnownFileType = sourcecode.swift; path = NewsItemViewCell.swift; sourceTree = "<group>"; };
/* End PBXFileReference section */

/* Begin PBXFrameworksBuildPhase section */
		86E218BD23F6FCBD00325A03 /* Frameworks */ = {
			isa = PBXFrameworksBuildPhase;
			buildActionMask = 2147483647;
			files = (
			);
			runOnlyForDeploymentPostprocessing = 0;
		};
		86E218D423F6FCBE00325A03 /* Frameworks */ = {
			isa = PBXFrameworksBuildPhase;
			buildActionMask = 2147483647;
			files = (
			);
			runOnlyForDeploymentPostprocessing = 0;
		};
		86E218DF23F6FCBE00325A03 /* Frameworks */ = {
			isa = PBXFrameworksBuildPhase;
			buildActionMask = 2147483647;
			files = (
			);
			runOnlyForDeploymentPostprocessing = 0;
		};
/* End PBXFrameworksBuildPhase section */

/* Begin PBXGroup section */
		86E218B723F6FCBD00325A03 = {
			isa = PBXGroup;
			children = (
				86E218C223F6FCBD00325A03 /* NewsReader */,
				86E218DA23F6FCBE00325A03 /* NewsReaderTests */,
				86E218E523F6FCBE00325A03 /* NewsReaderUITests */,
				86E218C123F6FCBD00325A03 /* Products */,
			);
			sourceTree = "<group>";
		};
		86E218C123F6FCBD00325A03 /* Products */ = {
			isa = PBXGroup;
			children = (
				86E218C023F6FCBD00325A03 /* NewsReader.app */,
				86E218D723F6FCBE00325A03 /* NewsReaderTests.xctest */,
				86E218E223F6FCBE00325A03 /* NewsReaderUITests.xctest */,
			);
			name = Products;
			sourceTree = "<group>";
		};
		86E218C223F6FCBD00325A03 /* NewsReader */ = {
			isa = PBXGroup;
			children = (
				86E218C323F6FCBD00325A03 /* AppDelegate.swift */,
				86E218C523F6FCBD00325A03 /* ViewController.swift */,
				86E218C723F6FCBD00325A03 /* Main.storyboard */,
				86E218CD23F6FCBE00325A03 /* Assets.xcassets */,
				86E218CF23F6FCBE00325A03 /* LaunchScreen.storyboard */,
				86E218D223F6FCBE00325A03 /* Info.plist */,
				86E218CA23F6FCBD00325A03 /* NewsReader.xcdatamodeld */,
				86E218F423F83CF700325A03 /* Model.swift */,
				86E218F623F83EA900325A03 /* NetworkRequests.swift */,
				86ECF75523FAF95E00044046 /* TopHeadlinesViewController.swift */,
				86ECF75723FAFF8C00044046 /* NewsItemViewCell.swift */,
				865BE1862407E32D003B9CE9 /* DetailsNavigationController.swift */,
				865BE188240816F5003B9CE9 /* Utils.swift */,
			);
			path = NewsReader;
			sourceTree = "<group>";
		};
		86E218DA23F6FCBE00325A03 /* NewsReaderTests */ = {
			isa = PBXGroup;
			children = (
				86E218DB23F6FCBE00325A03 /* NewsReaderTests.swift */,
				86E218DD23F6FCBE00325A03 /* Info.plist */,
			);
			path = NewsReaderTests;
			sourceTree = "<group>";
		};
		86E218E523F6FCBE00325A03 /* NewsReaderUITests */ = {
			isa = PBXGroup;
			children = (
				86E218E623F6FCBE00325A03 /* NewsReaderUITests.swift */,
				86E218E823F6FCBE00325A03 /* Info.plist */,
			);
			path = NewsReaderUITests;
			sourceTree = "<group>";
		};
/* End PBXGroup section */

/* Begin PBXNativeTarget section */
		86E218BF23F6FCBD00325A03 /* NewsReader */ = {
			isa = PBXNativeTarget;
			buildConfigurationList = 86E218EB23F6FCBE00325A03 /* Build configuration list for PBXNativeTarget "NewsReader" */;
			buildPhases = (
				86E218BC23F6FCBD00325A03 /* Sources */,
				86E218BD23F6FCBD00325A03 /* Frameworks */,
				86E218BE23F6FCBD00325A03 /* Resources */,
			);
			buildRules = (
			);
			dependencies = (
			);
			name = NewsReader;
			productName = NewsReader;
			productReference = 86E218C023F6FCBD00325A03 /* NewsReader.app */;
			productType = "com.apple.product-type.application";
		};
		86E218D623F6FCBE00325A03 /* NewsReaderTests */ = {
			isa = PBXNativeTarget;
			buildConfigurationList = 86E218EE23F6FCBE00325A03 /* Build configuration list for PBXNativeTarget "NewsReaderTests" */;
			buildPhases = (
				86E218D323F6FCBE00325A03 /* Sources */,
				86E218D423F6FCBE00325A03 /* Frameworks */,
				86E218D523F6FCBE00325A03 /* Resources */,
			);
			buildRules = (
			);
			dependencies = (
				86E218D923F6FCBE00325A03 /* PBXTargetDependency */,
			);
			name = NewsReaderTests;
			productName = NewsReaderTests;
			productReference = 86E218D723F6FCBE00325A03 /* NewsReaderTests.xctest */;
			productType = "com.apple.product-type.bundle.unit-test";
		};
		86E218E123F6FCBE00325A03 /* NewsReaderUITests */ = {
			isa = PBXNativeTarget;
			buildConfigurationList = 86E218F123F6FCBE00325A03 /* Build configuration list for PBXNativeTarget "NewsReaderUITests" */;
			buildPhases = (
				86E218DE23F6FCBE00325A03 /* Sources */,
				86E218DF23F6FCBE00325A03 /* Frameworks */,
				86E218E023F6FCBE00325A03 /* Resources */,
			);
			buildRules = (
			);
			dependencies = (
				86E218E423F6FCBE00325A03 /* PBXTargetDependency */,
			);
			name = NewsReaderUITests;
			productName = NewsReaderUITests;
			productReference = 86E218E223F6FCBE00325A03 /* NewsReaderUITests.xctest */;
			productType = "com.apple.product-type.bundle.ui-testing";
		};
/* End PBXNativeTarget section */

/* Begin PBXProject section */
		86E218B823F6FCBD00325A03 /* Project object */ = {
			isa = PBXProject;
			attributes = {
				LastSwiftUpdateCheck = 1020;
				LastUpgradeCheck = 1020;
				ORGANIZATIONNAME = viacheslav.maiatckii;
				TargetAttributes = {
					86E218BF23F6FCBD00325A03 = {
						CreatedOnToolsVersion = 10.2.1;
					};
					86E218D623F6FCBE00325A03 = {
						CreatedOnToolsVersion = 10.2.1;
						TestTargetID = 86E218BF23F6FCBD00325A03;
					};
					86E218E123F6FCBE00325A03 = {
						CreatedOnToolsVersion = 10.2.1;
						TestTargetID = 86E218BF23F6FCBD00325A03;
					};
				};
			};
			buildConfigurationList = 86E218BB23F6FCBD00325A03 /* Build configuration list for PBXProject "NewsReader" */;
			compatibilityVersion = "Xcode 9.3";
			developmentRegion = en;
			hasScannedForEncodings = 0;
			knownRegions = (
				en,
				Base,
			);
			mainGroup = 86E218B723F6FCBD00325A03;
			productRefGroup = 86E218C123F6FCBD00325A03 /* Products */;
			projectDirPath = "";
			projectRoot = "";
			targets = (
				86E218BF23F6FCBD00325A03 /* NewsReader */,
				86E218D623F6FCBE00325A03 /* NewsReaderTests */,
				86E218E123F6FCBE00325A03 /* NewsReaderUITests */,
			);
		};
/* End PBXProject section */

/* Begin PBXResourcesBuildPhase section */
		86E218BE23F6FCBD00325A03 /* Resources */ = {
			isa = PBXResourcesBuildPhase;
			buildActionMask = 2147483647;
			files = (
				86E218D123F6FCBE00325A03 /* LaunchScreen.storyboard in Resources */,
				86E218CE23F6FCBE00325A03 /* Assets.xcassets in Resources */,
				86E218C923F6FCBD00325A03 /* Main.storyboard in Resources */,
			);
			runOnlyForDeploymentPostprocessing = 0;
		};
		86E218D523F6FCBE00325A03 /* Resources */ = {
			isa = PBXResourcesBuildPhase;
			buildActionMask = 2147483647;
			files = (
			);
			runOnlyForDeploymentPostprocessing = 0;
		};
		86E218E023F6FCBE00325A03 /* Resources */ = {
			isa = PBXResourcesBuildPhase;
			buildActionMask = 2147483647;
			files = (
			);
			runOnlyForDeploymentPostprocessing = 0;
		};
/* End PBXResourcesBuildPhase section */

/* Begin PBXSourcesBuildPhase section */
		86E218BC23F6FCBD00325A03 /* Sources */ = {
			isa = PBXSourcesBuildPhase;
			buildActionMask = 2147483647;
			files = (
				86ECF75623FAF95E00044046 /* TopHeadlinesViewController.swift in Sources */,
				86E218CC23F6FCBD00325A03 /* NewsReader.xcdatamodeld in Sources */,
				86E218C623F6FCBD00325A03 /* ViewController.swift in Sources */,
				86E218F723F83EA900325A03 /* NetworkRequests.swift in Sources */,
				86E218C423F6FCBD00325A03 /* AppDelegate.swift in Sources */,
				86ECF75823FAFF8C00044046 /* NewsItemViewCell.swift in Sources */,
				865BE189240816F5003B9CE9 /* Utils.swift in Sources */,
				865BE1872407E32D003B9CE9 /* DetailsNavigationController.swift in Sources */,
				86E218F523F83CF700325A03 /* Model.swift in Sources */,
			);
			runOnlyForDeploymentPostprocessing = 0;
		};
		86E218D323F6FCBE00325A03 /* Sources */ = {
			isa = PBXSourcesBuildPhase;
			buildActionMask = 2147483647;
			files = (
				86E218DC23F6FCBE00325A03 /* NewsReaderTests.swift in Sources */,
			);
			runOnlyForDeploymentPostprocessing = 0;
		};
		86E218DE23F6FCBE00325A03 /* Sources */ = {
			isa = PBXSourcesBuildPhase;
			buildActionMask = 2147483647;
			files = (
				86E218E723F6FCBE00325A03 /* NewsReaderUITests.swift in Sources */,
			);
			runOnlyForDeploymentPostprocessing = 0;
		};
/* End PBXSourcesBuildPhase section */

/* Begin PBXTargetDependency section */
		86E218D923F6FCBE00325A03 /* PBXTargetDependency */ = {
			isa = PBXTargetDependency;
			target = 86E218BF23F6FCBD00325A03 /* NewsReader */;
			targetProxy = 86E218D823F6FCBE00325A03 /* PBXContainerItemProxy */;
		};
		86E218E423F6FCBE00325A03 /* PBXTargetDependency */ = {
			isa = PBXTargetDependency;
			target = 86E218BF23F6FCBD00325A03 /* NewsReader */;
			targetProxy = 86E218E323F6FCBE00325A03 /* PBXContainerItemProxy */;
		};
/* End PBXTargetDependency section */

/* Begin PBXVariantGroup section */
		86E218C723F6FCBD00325A03 /* Main.storyboard */ = {
			isa = PBXVariantGroup;
			children = (
				86E218C823F6FCBD00325A03 /* Base */,
			);
			name = Main.storyboard;
			sourceTree = "<group>";
		};
		86E218CF23F6FCBE00325A03 /* LaunchScreen.storyboard */ = {
			isa = PBXVariantGroup;
			children = (
				86E218D023F6FCBE00325A03 /* Base */,
			);
			name = LaunchScreen.storyboard;
			sourceTree = "<group>";
		};
/* End PBXVariantGroup section */

/* Begin XCBuildConfiguration section */
		86E218E923F6FCBE00325A03 /* Debug */ = {
			isa = XCBuildConfiguration;
			buildSettings = {
				ALWAYS_SEARCH_USER_PATHS = NO;
				CLANG_ANALYZER_NONNULL = YES;
				CLANG_ANALYZER_NUMBER_OBJECT_CONVERSION = YES_AGGRESSIVE;
				CLANG_CXX_LANGUAGE_STANDARD = "gnu++14";
				CLANG_CXX_LIBRARY = "libc++";
				CLANG_ENABLE_MODULES = YES;
				CLANG_ENABLE_OBJC_ARC = YES;
				CLANG_ENABLE_OBJC_WEAK = YES;
				CLANG_WARN_BLOCK_CAPTURE_AUTORELEASING = YES;
				CLANG_WARN_BOOL_CONVERSION = YES;
				CLANG_WARN_COMMA = YES;
				CLANG_WARN_CONSTANT_CONVERSION = YES;
				CLANG_WARN_DEPRECATED_OBJC_IMPLEMENTATIONS = YES;
				CLANG_WARN_DIRECT_OBJC_ISA_USAGE = YES_ERROR;
				CLANG_WARN_DOCUMENTATION_COMMENTS = YES;
				CLANG_WARN_EMPTY_BODY = YES;
				CLANG_WARN_ENUM_CONVERSION = YES;
				CLANG_WARN_INFINITE_RECURSION = YES;
				CLANG_WARN_INT_CONVERSION = YES;
				CLANG_WARN_NON_LITERAL_NULL_CONVERSION = YES;
				CLANG_WARN_OBJC_IMPLICIT_RETAIN_SELF = YES;
				CLANG_WARN_OBJC_LITERAL_CONVERSION = YES;
				CLANG_WARN_OBJC_ROOT_CLASS = YES_ERROR;
				CLANG_WARN_RANGE_LOOP_ANALYSIS = YES;
				CLANG_WARN_STRICT_PROTOTYPES = YES;
				CLANG_WARN_SUSPICIOUS_MOVE = YES;
				CLANG_WARN_UNGUARDED_AVAILABILITY = YES_AGGRESSIVE;
				CLANG_WARN_UNREACHABLE_CODE = YES;
				CLANG_WARN__DUPLICATE_METHOD_MATCH = YES;
				CODE_SIGN_IDENTITY = "iPhone Developer";
				COPY_PHASE_STRIP = NO;
				DEBUG_INFORMATION_FORMAT = dwarf;
				ENABLE_STRICT_OBJC_MSGSEND = YES;
				ENABLE_TESTABILITY = YES;
				GCC_C_LANGUAGE_STANDARD = gnu11;
				GCC_DYNAMIC_NO_PIC = NO;
				GCC_NO_COMMON_BLOCKS = YES;
				GCC_OPTIMIZATION_LEVEL = 0;
				GCC_PREPROCESSOR_DEFINITIONS = (
					"DEBUG=1",
					"$(inherited)",
				);
				GCC_WARN_64_TO_32_BIT_CONVERSION = YES;
				GCC_WARN_ABOUT_RETURN_TYPE = YES_ERROR;
				GCC_WARN_UNDECLARED_SELECTOR = YES;
				GCC_WARN_UNINITIALIZED_AUTOS = YES_AGGRESSIVE;
				GCC_WARN_UNUSED_FUNCTION = YES;
				GCC_WARN_UNUSED_VARIABLE = YES;
				IPHONEOS_DEPLOYMENT_TARGET = 12.2;
				MTL_ENABLE_DEBUG_INFO = INCLUDE_SOURCE;
				MTL_FAST_MATH = YES;
				ONLY_ACTIVE_ARCH = YES;
				SDKROOT = iphoneos;
				SWIFT_ACTIVE_COMPILATION_CONDITIONS = DEBUG;
				SWIFT_OPTIMIZATION_LEVEL = "-Onone";
			};
			name = Debug;
		};
		86E218EA23F6FCBE00325A03 /* Release */ = {
			isa = XCBuildConfiguration;
			buildSettings = {
				ALWAYS_SEARCH_USER_PATHS = NO;
				CLANG_ANALYZER_NONNULL = YES;
				CLANG_ANALYZER_NUMBER_OBJECT_CONVERSION = YES_AGGRESSIVE;
				CLANG_CXX_LANGUAGE_STANDARD = "gnu++14";
				CLANG_CXX_LIBRARY = "libc++";
				CLANG_ENABLE_MODULES = YES;
				CLANG_ENABLE_OBJC_ARC = YES;
				CLANG_ENABLE_OBJC_WEAK = YES;
				CLANG_WARN_BLOCK_CAPTURE_AUTORELEASING = YES;
				CLANG_WARN_BOOL_CONVERSION = YES;
				CLANG_WARN_COMMA = YES;
				CLANG_WARN_CONSTANT_CONVERSION = YES;
				CLANG_WARN_DEPRECATED_OBJC_IMPLEMENTATIONS = YES;
				CLANG_WARN_DIRECT_OBJC_ISA_USAGE = YES_ERROR;
				CLANG_WARN_DOCUMENTATION_COMMENTS = YES;
				CLANG_WARN_EMPTY_BODY = YES;
				CLANG_WARN_ENUM_CONVERSION = YES;
				CLANG_WARN_INFINITE_RECURSION = YES;
				CLANG_WARN_INT_CONVERSION = YES;
				CLANG_WARN_NON_LITERAL_NULL_CONVERSION = YES;
				CLANG_WARN_OBJC_IMPLICIT_RETAIN_SELF = YES;
				CLANG_WARN_OBJC_LITERAL_CONVERSION = YES;
				CLANG_WARN_OBJC_ROOT_CLASS = YES_ERROR;
				CLANG_WARN_RANGE_LOOP_ANALYSIS = YES;
				CLANG_WARN_STRICT_PROTOTYPES = YES;
				CLANG_WARN_SUSPICIOUS_MOVE = YES;
				CLANG_WARN_UNGUARDED_AVAILABILITY = YES_AGGRESSIVE;
				CLANG_WARN_UNREACHABLE_CODE = YES;
				CLANG_WARN__DUPLICATE_METHOD_MATCH = YES;
				CODE_SIGN_IDENTITY = "iPhone Developer";
				COPY_PHASE_STRIP = NO;
				DEBUG_INFORMATION_FORMAT = "dwarf-with-dsym";
				ENABLE_NS_ASSERTIONS = NO;
				ENABLE_STRICT_OBJC_MSGSEND = YES;
				GCC_C_LANGUAGE_STANDARD = gnu11;
				GCC_NO_COMMON_BLOCKS = YES;
				GCC_WARN_64_TO_32_BIT_CONVERSION = YES;
				GCC_WARN_ABOUT_RETURN_TYPE = YES_ERROR;
				GCC_WARN_UNDECLARED_SELECTOR = YES;
				GCC_WARN_UNINITIALIZED_AUTOS = YES_AGGRESSIVE;
				GCC_WARN_UNUSED_FUNCTION = YES;
				GCC_WARN_UNUSED_VARIABLE = YES;
				IPHONEOS_DEPLOYMENT_TARGET = 12.2;
				MTL_ENABLE_DEBUG_INFO = NO;
				MTL_FAST_MATH = YES;
				SDKROOT = iphoneos;
				SWIFT_COMPILATION_MODE = wholemodule;
				SWIFT_OPTIMIZATION_LEVEL = "-O";
				VALIDATE_PRODUCT = YES;
			};
			name = Release;
		};
		86E218EC23F6FCBE00325A03 /* Debug */ = {
			isa = XCBuildConfiguration;
			buildSettings = {
				ASSETCATALOG_COMPILER_APPICON_NAME = AppIcon;
				CODE_SIGN_STYLE = Automatic;
				INFOPLIST_FILE = NewsReader/Info.plist;
				LD_RUNPATH_SEARCH_PATHS = (
					"$(inherited)",
					"@executable_path/Frameworks",
				);
				PRODUCT_BUNDLE_IDENTIFIER = personal.NewsReader;
				PRODUCT_NAME = "$(TARGET_NAME)";
				SWIFT_VERSION = 5.0;
				TARGETED_DEVICE_FAMILY = "1,2";
			};
			name = Debug;
		};
		86E218ED23F6FCBE00325A03 /* Release */ = {
			isa = XCBuildConfiguration;
			buildSettings = {
				ASSETCATALOG_COMPILER_APPICON_NAME = AppIcon;
				CODE_SIGN_STYLE = Automatic;
				INFOPLIST_FILE = NewsReader/Info.plist;
				LD_RUNPATH_SEARCH_PATHS = (
					"$(inherited)",
					"@executable_path/Frameworks",
				);
				PRODUCT_BUNDLE_IDENTIFIER = personal.NewsReader;
				PRODUCT_NAME = "$(TARGET_NAME)";
				SWIFT_VERSION = 5.0;
				TARGETED_DEVICE_FAMILY = "1,2";
			};
			name = Release;
		};
		86E218EF23F6FCBE00325A03 /* Debug */ = {
			isa = XCBuildConfiguration;
			buildSettings = {
				ALWAYS_EMBED_SWIFT_STANDARD_LIBRARIES = YES;
				BUNDLE_LOADER = "$(TEST_HOST)";
				CODE_SIGN_STYLE = Automatic;
				INFOPLIST_FILE = NewsReaderTests/Info.plist;
				LD_RUNPATH_SEARCH_PATHS = (
					"$(inherited)",
					"@executable_path/Frameworks",
					"@loader_path/Frameworks",
				);
				PRODUCT_BUNDLE_IDENTIFIER = personal.NewsReaderTests;
				PRODUCT_NAME = "$(TARGET_NAME)";
				SWIFT_VERSION = 5.0;
				TARGETED_DEVICE_FAMILY = "1,2";
				TEST_HOST = "$(BUILT_PRODUCTS_DIR)/NewsReader.app/NewsReader";
			};
			name = Debug;
		};
		86E218F023F6FCBE00325A03 /* Release */ = {
			isa = XCBuildConfiguration;
			buildSettings = {
				ALWAYS_EMBED_SWIFT_STANDARD_LIBRARIES = YES;
				BUNDLE_LOADER = "$(TEST_HOST)";
				CODE_SIGN_STYLE = Automatic;
				INFOPLIST_FILE = NewsReaderTests/Info.plist;
				LD_RUNPATH_SEARCH_PATHS = (
					"$(inherited)",
					"@executable_path/Frameworks",
					"@loader_path/Frameworks",
				);
				PRODUCT_BUNDLE_IDENTIFIER = personal.NewsReaderTests;
				PRODUCT_NAME = "$(TARGET_NAME)";
				SWIFT_VERSION = 5.0;
				TARGETED_DEVICE_FAMILY = "1,2";
				TEST_HOST = "$(BUILT_PRODUCTS_DIR)/NewsReader.app/NewsReader";
			};
			name = Release;
		};
		86E218F223F6FCBE00325A03 /* Debug */ = {
			isa = XCBuildConfiguration;
			buildSettings = {
				ALWAYS_EMBED_SWIFT_STANDARD_LIBRARIES = YES;
				CODE_SIGN_STYLE = Automatic;
				INFOPLIST_FILE = NewsReaderUITests/Info.plist;
				LD_RUNPATH_SEARCH_PATHS = (
					"$(inherited)",
					"@executable_path/Frameworks",
					"@loader_path/Frameworks",
				);
				PRODUCT_BUNDLE_IDENTIFIER = personal.NewsReaderUITests;
				PRODUCT_NAME = "$(TARGET_NAME)";
				SWIFT_VERSION = 5.0;
				TARGETED_DEVICE_FAMILY = "1,2";
				TEST_TARGET_NAME = NewsReader;
			};
			name = Debug;
		};
		86E218F323F6FCBE00325A03 /* Release */ = {
			isa = XCBuildConfiguration;
			buildSettings = {
				ALWAYS_EMBED_SWIFT_STANDARD_LIBRARIES = YES;
				CODE_SIGN_STYLE = Automatic;
				INFOPLIST_FILE = NewsReaderUITests/Info.plist;
				LD_RUNPATH_SEARCH_PATHS = (
					"$(inherited)",
					"@executable_path/Frameworks",
					"@loader_path/Frameworks",
				);
				PRODUCT_BUNDLE_IDENTIFIER = personal.NewsReaderUITests;
				PRODUCT_NAME = "$(TARGET_NAME)";
				SWIFT_VERSION = 5.0;
				TARGETED_DEVICE_FAMILY = "1,2";
				TEST_TARGET_NAME = NewsReader;
			};
			name = Release;
		};
/* End XCBuildConfiguration section */

/* Begin XCConfigurationList section */
		86E218BB23F6FCBD00325A03 /* Build configuration list for PBXProject "NewsReader" */ = {
			isa = XCConfigurationList;
			buildConfigurations = (
				86E218E923F6FCBE00325A03 /* Debug */,
				86E218EA23F6FCBE00325A03 /* Release */,
			);
			defaultConfigurationIsVisible = 0;
			defaultConfigurationName = Release;
		};
		86E218EB23F6FCBE00325A03 /* Build configuration list for PBXNativeTarget "NewsReader" */ = {
			isa = XCConfigurationList;
			buildConfigurations = (
				86E218EC23F6FCBE00325A03 /* Debug */,
				86E218ED23F6FCBE00325A03 /* Release */,
			);
			defaultConfigurationIsVisible = 0;
			defaultConfigurationName = Release;
		};
		86E218EE23F6FCBE00325A03 /* Build configuration list for PBXNativeTarget "NewsReaderTests" */ = {
			isa = XCConfigurationList;
			buildConfigurations = (
				86E218EF23F6FCBE00325A03 /* Debug */,
				86E218F023F6FCBE00325A03 /* Release */,
			);
			defaultConfigurationIsVisible = 0;
			defaultConfigurationName = Release;
		};
		86E218F123F6FCBE00325A03 /* Build configuration list for PBXNativeTarget "NewsReaderUITests" */ = {
			isa = XCConfigurationList;
			buildConfigurations = (
				86E218F223F6FCBE00325A03 /* Debug */,
				86E218F323F6FCBE00325A03 /* Release */,
			);
			defaultConfigurationIsVisible = 0;
			defaultConfigurationName = Release;
		};
/* End XCConfigurationList section */

/* Begin XCVersionGroup section */
		86E218CA23F6FCBD00325A03 /* NewsReader.xcdatamodeld */ = {
			isa = XCVersionGroup;
			children = (
				86E218CB23F6FCBD00325A03 /* NewsReader.xcdatamodel */,
			);
			currentVersion = 86E218CB23F6FCBD00325A03 /* NewsReader.xcdatamodel */;
			path = NewsReader.xcdatamodeld;
			sourceTree = "<group>";
			versionGroupType = wrapper.xcdatamodel;
		};
/* End XCVersionGroup section */
	};
	rootObject = 86E218B823F6FCBD00325A03 /* Project object */;
}
